// !$*UTF8*$!
{
	archiveVersion = 1;
	classes = {
	};
	objectVersion = 63;
	objects = {

/* Begin PBXBuildFile section */
		1F0493042D07DD3F00C861DD /* AccountBuilder.swift in Sources */ = {isa = PBXBuildFile; fileRef = 1F0493032D07DD3F00C861DD /* AccountBuilder.swift */; };
		1F0493062D07DD5000C861DD /* AccountInteractor.swift in Sources */ = {isa = PBXBuildFile; fileRef = 1F0493052D07DD5000C861DD /* AccountInteractor.swift */; };
		1F0493082D07DD5D00C861DD /* AccountRouter.swift in Sources */ = {isa = PBXBuildFile; fileRef = 1F0493072D07DD5D00C861DD /* AccountRouter.swift */; };
		1F04930A2D07DD7800C861DD /* AccountController.swift in Sources */ = {isa = PBXBuildFile; fileRef = 1F0493092D07DD7800C861DD /* AccountController.swift */; };
		1F04930C2D07F41700C861DD /* SearchController.swift in Sources */ = {isa = PBXBuildFile; fileRef = 1F04930B2D07F41700C861DD /* SearchController.swift */; };
		1F04930E2D07F7E500C861DD /* SpinnerFooterView.swift in Sources */ = {isa = PBXBuildFile; fileRef = 1F04930D2D07F7E500C861DD /* SpinnerFooterView.swift */; };
		1F0493102D08216800C861DD /* ViewModable.swift in Sources */ = {isa = PBXBuildFile; fileRef = 1F04930F2D08216800C861DD /* ViewModable.swift */; };
		1F0493122D08235A00C861DD /* Interactable.swift in Sources */ = {isa = PBXBuildFile; fileRef = 1F0493112D08235900C861DD /* Interactable.swift */; };
		1F1A6EAD2D0947820033CB71 /* SearchViewBuilder.swift in Sources */ = {isa = PBXBuildFile; fileRef = 1F1A6EAC2D0947820033CB71 /* SearchViewBuilder.swift */; };
		1F1A6EAF2D0947C90033CB71 /* SearchViewInteractor.swift in Sources */ = {isa = PBXBuildFile; fileRef = 1F1A6EAE2D0947C90033CB71 /* SearchViewInteractor.swift */; };
		1F1A6EB12D0947D50033CB71 /* SearchViewRouter.swift in Sources */ = {isa = PBXBuildFile; fileRef = 1F1A6EB02D0947D50033CB71 /* SearchViewRouter.swift */; };
		1F1A6EBA2D0980AD0033CB71 /* NetworkConfig.swift in Sources */ = {isa = PBXBuildFile; fileRef = 1F1A6EB92D0980AD0033CB71 /* NetworkConfig.swift */; };
		1F1A6EBC2D09818F0033CB71 /* HTTPMethod.swift in Sources */ = {isa = PBXBuildFile; fileRef = 1F1A6EBB2D09818F0033CB71 /* HTTPMethod.swift */; };
		1F1A6EBE2D0981CB0033CB71 /* Endpoint.swift in Sources */ = {isa = PBXBuildFile; fileRef = 1F1A6EBD2D0981CB0033CB71 /* Endpoint.swift */; };
		1F32EFBC2D150C4700C52FF0 /* GoogleService-Info.plist in Resources */ = {isa = PBXBuildFile; fileRef = 1F32EFBB2D150C4700C52FF0 /* GoogleService-Info.plist */; };
		1F32EFBE2D1511AF00C52FF0 /* UIStackView.swift in Sources */ = {isa = PBXBuildFile; fileRef = 1F32EFBD2D1511AF00C52FF0 /* UIStackView.swift */; };
		1F32EFC02D15150E00C52FF0 /* UIImage.swift in Sources */ = {isa = PBXBuildFile; fileRef = 1F32EFBF2D15150E00C52FF0 /* UIImage.swift */; };
		1F32EFC62D15788800C52FF0 /* AuthenticationViewModel.swift in Sources */ = {isa = PBXBuildFile; fileRef = 1F32EFC52D15788800C52FF0 /* AuthenticationViewModel.swift */; };
		1F38F5FF2D0AB0E700E6D078 /* NetworkService.swift in Sources */ = {isa = PBXBuildFile; fileRef = 1F38F5FE2D0AB0E700E6D078 /* NetworkService.swift */; };
		1F38F6012D0AB4EA00E6D078 /* DataTransferService.swift in Sources */ = {isa = PBXBuildFile; fileRef = 1F38F6002D0AB4EA00E6D078 /* DataTransferService.swift */; };
		1F38F6032D0AB83400E6D078 /* Dictionary.swift in Sources */ = {isa = PBXBuildFile; fileRef = 1F38F6022D0AB83400E6D078 /* Dictionary.swift */; };
		1F38F6052D0AB8CC00E6D078 /* Encodable.swift in Sources */ = {isa = PBXBuildFile; fileRef = 1F38F6042D0AB8CC00E6D078 /* Encodable.swift */; };
		1FDABA5F2D06D11300110EDC /* UITableView.swift in Sources */ = {isa = PBXBuildFile; fileRef = 1FDABA5E2D06D11300110EDC /* UITableView.swift */; };
		1FDABA612D06D71600110EDC /* UIImageColors.swift in Sources */ = {isa = PBXBuildFile; fileRef = 1FDABA602D06D71600110EDC /* UIImageColors.swift */; };
		1FDABA642D06DC0B00110EDC /* TabBarController.swift in Sources */ = {isa = PBXBuildFile; fileRef = 1FDABA632D06DC0B00110EDC /* TabBarController.swift */; };
		1FDABA672D06DCF900110EDC /* PresentableView.swift in Sources */ = {isa = PBXBuildFile; fileRef = 1FDABA662D06DCF900110EDC /* PresentableView.swift */; };
		1FDABA722D06E6FB00110EDC /* NavigationController.swift in Sources */ = {isa = PBXBuildFile; fileRef = 1FDABA712D06E6FB00110EDC /* NavigationController.swift */; };
		1FDABA742D06F61800110EDC /* MapViewBuilder.swift in Sources */ = {isa = PBXBuildFile; fileRef = 1FDABA732D06F61800110EDC /* MapViewBuilder.swift */; };
		1FDABA762D06F62500110EDC /* MapViewInteractor.swift in Sources */ = {isa = PBXBuildFile; fileRef = 1FDABA752D06F62500110EDC /* MapViewInteractor.swift */; };
		1FDABA782D06F63100110EDC /* MapViewRouter.swift in Sources */ = {isa = PBXBuildFile; fileRef = 1FDABA772D06F63100110EDC /* MapViewRouter.swift */; };
		1FDABA7A2D06F95400110EDC /* MapViewController.swift in Sources */ = {isa = PBXBuildFile; fileRef = 1FDABA792D06F95400110EDC /* MapViewController.swift */; };
		4F0886B62D106A7F000F3E4B /* FirebaseAnalytics in Frameworks */ = {isa = PBXBuildFile; productRef = 4F0886B52D106A7F000F3E4B /* FirebaseAnalytics */; };
		4F0886B82D106A7F000F3E4B /* FirebaseAuth in Frameworks */ = {isa = PBXBuildFile; productRef = 4F0886B72D106A7F000F3E4B /* FirebaseAuth */; };
		4F0886BA2D106A7F000F3E4B /* FirebaseAuthCombine-Community in Frameworks */ = {isa = PBXBuildFile; productRef = 4F0886B92D106A7F000F3E4B /* FirebaseAuthCombine-Community */; };
		4F0886BC2D106A7F000F3E4B /* FirebaseCrashlytics in Frameworks */ = {isa = PBXBuildFile; productRef = 4F0886BB2D106A7F000F3E4B /* FirebaseCrashlytics */; };
		4F0886BE2D106A7F000F3E4B /* FirebaseDatabase in Frameworks */ = {isa = PBXBuildFile; productRef = 4F0886BD2D106A7F000F3E4B /* FirebaseDatabase */; };
		4F0886C02D106A7F000F3E4B /* FirebaseDynamicLinks in Frameworks */ = {isa = PBXBuildFile; productRef = 4F0886BF2D106A7F000F3E4B /* FirebaseDynamicLinks */; };
		4F0886C22D106A7F000F3E4B /* FirebaseFirestore in Frameworks */ = {isa = PBXBuildFile; productRef = 4F0886C12D106A7F000F3E4B /* FirebaseFirestore */; };
		4F0886C42D106A7F000F3E4B /* FirebaseMessaging in Frameworks */ = {isa = PBXBuildFile; productRef = 4F0886C32D106A7F000F3E4B /* FirebaseMessaging */; };
		4F0886C72D1452DF000F3E4B /* GoogleSignIn in Frameworks */ = {isa = PBXBuildFile; productRef = 4F0886C62D1452DF000F3E4B /* GoogleSignIn */; };
		4F0886C92D1452DF000F3E4B /* GoogleSignInSwift in Frameworks */ = {isa = PBXBuildFile; productRef = 4F0886C82D1452DF000F3E4B /* GoogleSignInSwift */; };
		4F0886D02D1459DB000F3E4B /* LoginViewController.swift in Sources */ = {isa = PBXBuildFile; fileRef = 4F0886CF2D1459DB000F3E4B /* LoginViewController.swift */; };
		4F0886D22D14CD88000F3E4B /* LoginButton.swift in Sources */ = {isa = PBXBuildFile; fileRef = 4F0886D12D14CD88000F3E4B /* LoginButton.swift */; };
		4F7996C92D0D35BF00ED1312 /* SearchBarButton.swift in Sources */ = {isa = PBXBuildFile; fileRef = 4F7996C82D0D35BF00ED1312 /* SearchBarButton.swift */; };
		4F7996CC2D0D38E600ED1312 /* MapController.swift in Sources */ = {isa = PBXBuildFile; fileRef = 4F7996CB2D0D38E600ED1312 /* MapController.swift */; };
		4F7996CE2D0E81EF00ED1312 /* UIColor.swift in Sources */ = {isa = PBXBuildFile; fileRef = 4F7996CD2D0E81EF00ED1312 /* UIColor.swift */; };
		4F7996D42D0EAC8800ED1312 /* SearchViewController.swift in Sources */ = {isa = PBXBuildFile; fileRef = 4F7996D32D0EAC8800ED1312 /* SearchViewController.swift */; };
		4F7996D62D0EB1BC00ED1312 /* CombineCompatible.swift in Sources */ = {isa = PBXBuildFile; fileRef = 4F7996D52D0EB1BC00ED1312 /* CombineCompatible.swift */; };
		4F7996D82D0EB2BA00ED1312 /* UIControl.swift in Sources */ = {isa = PBXBuildFile; fileRef = 4F7996D72D0EB2BA00ED1312 /* UIControl.swift */; };
		4FBD59C72D0689E800807E30 /* LaunchScreen.storyboard in Resources */ = {isa = PBXBuildFile; fileRef = 4FBD59B62D0689E800807E30 /* LaunchScreen.storyboard */; };
		4FBD59C82D0689E800807E30 /* Assets.xcassets in Resources */ = {isa = PBXBuildFile; fileRef = 4FBD59BF2D0689E800807E30 /* Assets.xcassets */; };
		4FBD59CA2D0689E800807E30 /* AppDelegate.swift in Sources */ = {isa = PBXBuildFile; fileRef = 4FBD59B42D0689E800807E30 /* AppDelegate.swift */; };
		4FBD59CB2D0689E800807E30 /* SceneDelegate.swift in Sources */ = {isa = PBXBuildFile; fileRef = 4FBD59B72D0689E800807E30 /* SceneDelegate.swift */; };
		4FBD59CC2D0689E800807E30 /* UICollectionView.swift in Sources */ = {isa = PBXBuildFile; fileRef = 4FBD59B92D0689E800807E30 /* UICollectionView.swift */; };
		4FBD59CD2D0689E800807E30 /* UIView.swift in Sources */ = {isa = PBXBuildFile; fileRef = 4FBD59BA2D0689E800807E30 /* UIView.swift */; };
		4FBD59CE2D0689E800807E30 /* ReuseIdentifiable.swift in Sources */ = {isa = PBXBuildFile; fileRef = 4FBD59BC2D0689E800807E30 /* ReuseIdentifiable.swift */; };
		4FBD59CF2D0689E800807E30 /* TasteAtlas.xcdatamodeld in Sources */ = {isa = PBXBuildFile; fileRef = 4FBD59C32D0689E800807E30 /* TasteAtlas.xcdatamodeld */; };
		4FBD59D02D0689E800807E30 /* ViewController.swift in Sources */ = {isa = PBXBuildFile; fileRef = 4FBD59C42D0689E800807E30 /* ViewController.swift */; };
		4FBD59D32D0689FE00807E30 /* TasteAtlasTests.swift in Sources */ = {isa = PBXBuildFile; fileRef = 4FBD59D12D0689FE00807E30 /* TasteAtlasTests.swift */; };
		4FBD59D72D068A0100807E30 /* TasteAtlasUITests.swift in Sources */ = {isa = PBXBuildFile; fileRef = 4FBD59D42D068A0100807E30 /* TasteAtlasUITests.swift */; };
		4FBD59D82D068A0100807E30 /* TasteAtlasUITestsLaunchTests.swift in Sources */ = {isa = PBXBuildFile; fileRef = 4FBD59D52D068A0100807E30 /* TasteAtlasUITestsLaunchTests.swift */; };
		4FBD59E12D070FFD00807E30 /* RestaurantListBuilder.swift in Sources */ = {isa = PBXBuildFile; fileRef = 4FBD59E02D070FFD00807E30 /* RestaurantListBuilder.swift */; };
		4FBD59E32D07101400807E30 /* RestaurantListInteractor.swift in Sources */ = {isa = PBXBuildFile; fileRef = 4FBD59E22D07101400807E30 /* RestaurantListInteractor.swift */; };
		4FBD59E52D07102900807E30 /* RestaurantListRouter.swift in Sources */ = {isa = PBXBuildFile; fileRef = 4FBD59E42D07102900807E30 /* RestaurantListRouter.swift */; };
		4FBD59E72D07104600807E30 /* RestaurantListController.swift in Sources */ = {isa = PBXBuildFile; fileRef = 4FBD59E62D07104600807E30 /* RestaurantListController.swift */; };
		4FBD59E92D08799700807E30 /* MapView.swift in Sources */ = {isa = PBXBuildFile; fileRef = 4FBD59E82D08799700807E30 /* MapView.swift */; };
		4FBD59EB2D08F1C400807E30 /* MapViewModel.swift in Sources */ = {isa = PBXBuildFile; fileRef = 4FBD59EA2D08F1C400807E30 /* MapViewModel.swift */; };
		4FDE9EDA2D16BC18006C130F /* MemberViewController.swift in Sources */ = {isa = PBXBuildFile; fileRef = 4FDE9ED92D16BC18006C130F /* MemberViewController.swift */; };
		4FF4C2942D17B8E500F6B8EF /* UserProfileViewController.swift in Sources */ = {isa = PBXBuildFile; fileRef = 4FF4C2932D17B8E500F6B8EF /* UserProfileViewController.swift */; };
/* End PBXBuildFile section */

/* Begin PBXContainerItemProxy section */
		4FBD598A2D05483300807E30 /* PBXContainerItemProxy */ = {
			isa = PBXContainerItemProxy;
			containerPortal = 4FBD59682D05483000807E30 /* Project object */;
			proxyType = 1;
			remoteGlobalIDString = 4FBD596F2D05483000807E30;
			remoteInfo = TasteAtlas;
		};
		4FBD59942D05483300807E30 /* PBXContainerItemProxy */ = {
			isa = PBXContainerItemProxy;
			containerPortal = 4FBD59682D05483000807E30 /* Project object */;
			proxyType = 1;
			remoteGlobalIDString = 4FBD596F2D05483000807E30;
			remoteInfo = TasteAtlas;
		};
/* End PBXContainerItemProxy section */

/* Begin PBXFileReference section */
		1F0493032D07DD3F00C861DD /* AccountBuilder.swift */ = {isa = PBXFileReference; lastKnownFileType = sourcecode.swift; path = AccountBuilder.swift; sourceTree = "<group>"; };
		1F0493052D07DD5000C861DD /* AccountInteractor.swift */ = {isa = PBXFileReference; lastKnownFileType = sourcecode.swift; path = AccountInteractor.swift; sourceTree = "<group>"; };
		1F0493072D07DD5D00C861DD /* AccountRouter.swift */ = {isa = PBXFileReference; lastKnownFileType = sourcecode.swift; path = AccountRouter.swift; sourceTree = "<group>"; };
		1F0493092D07DD7800C861DD /* AccountController.swift */ = {isa = PBXFileReference; lastKnownFileType = sourcecode.swift; path = AccountController.swift; sourceTree = "<group>"; };
		1F04930B2D07F41700C861DD /* SearchController.swift */ = {isa = PBXFileReference; lastKnownFileType = sourcecode.swift; path = SearchController.swift; sourceTree = "<group>"; };
		1F04930D2D07F7E500C861DD /* SpinnerFooterView.swift */ = {isa = PBXFileReference; lastKnownFileType = sourcecode.swift; path = SpinnerFooterView.swift; sourceTree = "<group>"; };
		1F04930F2D08216800C861DD /* ViewModable.swift */ = {isa = PBXFileReference; lastKnownFileType = sourcecode.swift; path = ViewModable.swift; sourceTree = "<group>"; };
		1F0493112D08235900C861DD /* Interactable.swift */ = {isa = PBXFileReference; lastKnownFileType = sourcecode.swift; path = Interactable.swift; sourceTree = "<group>"; };
		1F1A6EAC2D0947820033CB71 /* SearchViewBuilder.swift */ = {isa = PBXFileReference; lastKnownFileType = sourcecode.swift; path = SearchViewBuilder.swift; sourceTree = "<group>"; };
		1F1A6EAE2D0947C90033CB71 /* SearchViewInteractor.swift */ = {isa = PBXFileReference; lastKnownFileType = sourcecode.swift; path = SearchViewInteractor.swift; sourceTree = "<group>"; };
		1F1A6EB02D0947D50033CB71 /* SearchViewRouter.swift */ = {isa = PBXFileReference; lastKnownFileType = sourcecode.swift; path = SearchViewRouter.swift; sourceTree = "<group>"; };
		1F1A6EB92D0980AD0033CB71 /* NetworkConfig.swift */ = {isa = PBXFileReference; lastKnownFileType = sourcecode.swift; path = NetworkConfig.swift; sourceTree = "<group>"; };
		1F1A6EBB2D09818F0033CB71 /* HTTPMethod.swift */ = {isa = PBXFileReference; lastKnownFileType = sourcecode.swift; path = HTTPMethod.swift; sourceTree = "<group>"; };
		1F1A6EBD2D0981CB0033CB71 /* Endpoint.swift */ = {isa = PBXFileReference; lastKnownFileType = sourcecode.swift; path = Endpoint.swift; sourceTree = "<group>"; };
		1F32EFBB2D150C4700C52FF0 /* GoogleService-Info.plist */ = {isa = PBXFileReference; fileEncoding = 4; lastKnownFileType = text.plist.xml; path = "GoogleService-Info.plist"; sourceTree = "<group>"; };
		1F32EFBD2D1511AF00C52FF0 /* UIStackView.swift */ = {isa = PBXFileReference; lastKnownFileType = sourcecode.swift; path = UIStackView.swift; sourceTree = "<group>"; };
		1F32EFBF2D15150E00C52FF0 /* UIImage.swift */ = {isa = PBXFileReference; lastKnownFileType = sourcecode.swift; path = UIImage.swift; sourceTree = "<group>"; };
		1F32EFC52D15788800C52FF0 /* AuthenticationViewModel.swift */ = {isa = PBXFileReference; lastKnownFileType = sourcecode.swift; path = AuthenticationViewModel.swift; sourceTree = "<group>"; };
		1F38F5FE2D0AB0E700E6D078 /* NetworkService.swift */ = {isa = PBXFileReference; lastKnownFileType = sourcecode.swift; path = NetworkService.swift; sourceTree = "<group>"; };
		1F38F6002D0AB4EA00E6D078 /* DataTransferService.swift */ = {isa = PBXFileReference; lastKnownFileType = sourcecode.swift; path = DataTransferService.swift; sourceTree = "<group>"; };
		1F38F6022D0AB83400E6D078 /* Dictionary.swift */ = {isa = PBXFileReference; lastKnownFileType = sourcecode.swift; path = Dictionary.swift; sourceTree = "<group>"; };
		1F38F6042D0AB8CC00E6D078 /* Encodable.swift */ = {isa = PBXFileReference; lastKnownFileType = sourcecode.swift; path = Encodable.swift; sourceTree = "<group>"; };
		1FDABA5E2D06D11300110EDC /* UITableView.swift */ = {isa = PBXFileReference; lastKnownFileType = sourcecode.swift; path = UITableView.swift; sourceTree = "<group>"; };
		1FDABA602D06D71600110EDC /* UIImageColors.swift */ = {isa = PBXFileReference; lastKnownFileType = sourcecode.swift; path = UIImageColors.swift; sourceTree = "<group>"; };
		1FDABA632D06DC0B00110EDC /* TabBarController.swift */ = {isa = PBXFileReference; lastKnownFileType = sourcecode.swift; path = TabBarController.swift; sourceTree = "<group>"; };
		1FDABA662D06DCF900110EDC /* PresentableView.swift */ = {isa = PBXFileReference; lastKnownFileType = sourcecode.swift; path = PresentableView.swift; sourceTree = "<group>"; };
		1FDABA712D06E6FB00110EDC /* NavigationController.swift */ = {isa = PBXFileReference; lastKnownFileType = sourcecode.swift; path = NavigationController.swift; sourceTree = "<group>"; };
		1FDABA732D06F61800110EDC /* MapViewBuilder.swift */ = {isa = PBXFileReference; lastKnownFileType = sourcecode.swift; path = MapViewBuilder.swift; sourceTree = "<group>"; };
		1FDABA752D06F62500110EDC /* MapViewInteractor.swift */ = {isa = PBXFileReference; lastKnownFileType = sourcecode.swift; path = MapViewInteractor.swift; sourceTree = "<group>"; };
		1FDABA772D06F63100110EDC /* MapViewRouter.swift */ = {isa = PBXFileReference; lastKnownFileType = sourcecode.swift; path = MapViewRouter.swift; sourceTree = "<group>"; };
		1FDABA792D06F95400110EDC /* MapViewController.swift */ = {isa = PBXFileReference; lastKnownFileType = sourcecode.swift; path = MapViewController.swift; sourceTree = "<group>"; };
		4F0886CF2D1459DB000F3E4B /* LoginViewController.swift */ = {isa = PBXFileReference; lastKnownFileType = sourcecode.swift; path = LoginViewController.swift; sourceTree = "<group>"; };
		4F0886D12D14CD88000F3E4B /* LoginButton.swift */ = {isa = PBXFileReference; lastKnownFileType = sourcecode.swift; path = LoginButton.swift; sourceTree = "<group>"; };
		4F7996C82D0D35BF00ED1312 /* SearchBarButton.swift */ = {isa = PBXFileReference; lastKnownFileType = sourcecode.swift; path = SearchBarButton.swift; sourceTree = "<group>"; };
		4F7996CB2D0D38E600ED1312 /* MapController.swift */ = {isa = PBXFileReference; lastKnownFileType = sourcecode.swift; path = MapController.swift; sourceTree = "<group>"; };
		4F7996CD2D0E81EF00ED1312 /* UIColor.swift */ = {isa = PBXFileReference; lastKnownFileType = sourcecode.swift; path = UIColor.swift; sourceTree = "<group>"; };
		4F7996D32D0EAC8800ED1312 /* SearchViewController.swift */ = {isa = PBXFileReference; lastKnownFileType = sourcecode.swift; path = SearchViewController.swift; sourceTree = "<group>"; };
		4F7996D52D0EB1BC00ED1312 /* CombineCompatible.swift */ = {isa = PBXFileReference; lastKnownFileType = sourcecode.swift; path = CombineCompatible.swift; sourceTree = "<group>"; };
		4F7996D72D0EB2BA00ED1312 /* UIControl.swift */ = {isa = PBXFileReference; lastKnownFileType = sourcecode.swift; path = UIControl.swift; sourceTree = "<group>"; };
		4FBD59702D05483000807E30 /* TasteAtlas.app */ = {isa = PBXFileReference; explicitFileType = wrapper.application; includeInIndex = 0; path = TasteAtlas.app; sourceTree = BUILT_PRODUCTS_DIR; };
		4FBD59892D05483300807E30 /* TasteAtlasTests.xctest */ = {isa = PBXFileReference; explicitFileType = wrapper.cfbundle; includeInIndex = 0; path = TasteAtlasTests.xctest; sourceTree = BUILT_PRODUCTS_DIR; };
		4FBD59932D05483300807E30 /* TasteAtlasUITests.xctest */ = {isa = PBXFileReference; explicitFileType = wrapper.cfbundle; includeInIndex = 0; path = TasteAtlasUITests.xctest; sourceTree = BUILT_PRODUCTS_DIR; };
		4FBD59B42D0689E800807E30 /* AppDelegate.swift */ = {isa = PBXFileReference; lastKnownFileType = sourcecode.swift; path = AppDelegate.swift; sourceTree = "<group>"; };
		4FBD59B52D0689E800807E30 /* Base */ = {isa = PBXFileReference; lastKnownFileType = file.storyboard; name = Base; path = Base.lproj/LaunchScreen.storyboard; sourceTree = "<group>"; };
		4FBD59B72D0689E800807E30 /* SceneDelegate.swift */ = {isa = PBXFileReference; lastKnownFileType = sourcecode.swift; path = SceneDelegate.swift; sourceTree = "<group>"; };
		4FBD59B92D0689E800807E30 /* UICollectionView.swift */ = {isa = PBXFileReference; lastKnownFileType = sourcecode.swift; path = UICollectionView.swift; sourceTree = "<group>"; };
		4FBD59BA2D0689E800807E30 /* UIView.swift */ = {isa = PBXFileReference; lastKnownFileType = sourcecode.swift; path = UIView.swift; sourceTree = "<group>"; };
		4FBD59BC2D0689E800807E30 /* ReuseIdentifiable.swift */ = {isa = PBXFileReference; lastKnownFileType = sourcecode.swift; path = ReuseIdentifiable.swift; sourceTree = "<group>"; };
		4FBD59BF2D0689E800807E30 /* Assets.xcassets */ = {isa = PBXFileReference; lastKnownFileType = folder.assetcatalog; path = Assets.xcassets; sourceTree = "<group>"; };
		4FBD59C22D0689E800807E30 /* Info.plist */ = {isa = PBXFileReference; lastKnownFileType = text.plist.xml; path = Info.plist; sourceTree = "<group>"; };
		4FBD59C42D0689E800807E30 /* ViewController.swift */ = {isa = PBXFileReference; lastKnownFileType = sourcecode.swift; path = ViewController.swift; sourceTree = "<group>"; };
		4FBD59C62D0689E800807E30 /* TasteAtlas.xcdatamodel */ = {isa = PBXFileReference; lastKnownFileType = wrapper.xcdatamodel; path = TasteAtlas.xcdatamodel; sourceTree = "<group>"; };
		4FBD59D12D0689FE00807E30 /* TasteAtlasTests.swift */ = {isa = PBXFileReference; lastKnownFileType = sourcecode.swift; path = TasteAtlasTests.swift; sourceTree = "<group>"; };
		4FBD59D42D068A0100807E30 /* TasteAtlasUITests.swift */ = {isa = PBXFileReference; lastKnownFileType = sourcecode.swift; path = TasteAtlasUITests.swift; sourceTree = "<group>"; };
		4FBD59D52D068A0100807E30 /* TasteAtlasUITestsLaunchTests.swift */ = {isa = PBXFileReference; lastKnownFileType = sourcecode.swift; path = TasteAtlasUITestsLaunchTests.swift; sourceTree = "<group>"; };
		4FBD59E02D070FFD00807E30 /* RestaurantListBuilder.swift */ = {isa = PBXFileReference; lastKnownFileType = sourcecode.swift; path = RestaurantListBuilder.swift; sourceTree = "<group>"; };
		4FBD59E22D07101400807E30 /* RestaurantListInteractor.swift */ = {isa = PBXFileReference; lastKnownFileType = sourcecode.swift; path = RestaurantListInteractor.swift; sourceTree = "<group>"; };
		4FBD59E42D07102900807E30 /* RestaurantListRouter.swift */ = {isa = PBXFileReference; lastKnownFileType = sourcecode.swift; path = RestaurantListRouter.swift; sourceTree = "<group>"; };
		4FBD59E62D07104600807E30 /* RestaurantListController.swift */ = {isa = PBXFileReference; lastKnownFileType = sourcecode.swift; path = RestaurantListController.swift; sourceTree = "<group>"; };
		4FBD59E82D08799700807E30 /* MapView.swift */ = {isa = PBXFileReference; lastKnownFileType = sourcecode.swift; path = MapView.swift; sourceTree = "<group>"; };
		4FBD59EA2D08F1C400807E30 /* MapViewModel.swift */ = {isa = PBXFileReference; lastKnownFileType = sourcecode.swift; path = MapViewModel.swift; sourceTree = "<group>"; };
		4FDE9ED92D16BC18006C130F /* MemberViewController.swift */ = {isa = PBXFileReference; lastKnownFileType = sourcecode.swift; path = MemberViewController.swift; sourceTree = "<group>"; };
		4FF4C2932D17B8E500F6B8EF /* UserProfileViewController.swift */ = {isa = PBXFileReference; lastKnownFileType = sourcecode.swift; path = UserProfileViewController.swift; sourceTree = "<group>"; };
/* End PBXFileReference section */

/* Begin PBXFrameworksBuildPhase section */
		4FBD596D2D05483000807E30 /* Frameworks */ = {
			isa = PBXFrameworksBuildPhase;
			buildActionMask = 2147483647;
			files = (
				4F0886C42D106A7F000F3E4B /* FirebaseMessaging in Frameworks */,
				4F0886BE2D106A7F000F3E4B /* FirebaseDatabase in Frameworks */,
				4F0886B62D106A7F000F3E4B /* FirebaseAnalytics in Frameworks */,
				4F0886BC2D106A7F000F3E4B /* FirebaseCrashlytics in Frameworks */,
				4F0886BA2D106A7F000F3E4B /* FirebaseAuthCombine-Community in Frameworks */,
				4F0886C92D1452DF000F3E4B /* GoogleSignInSwift in Frameworks */,
				4F0886B82D106A7F000F3E4B /* FirebaseAuth in Frameworks */,
				4F0886C02D106A7F000F3E4B /* FirebaseDynamicLinks in Frameworks */,
				4F0886C22D106A7F000F3E4B /* FirebaseFirestore in Frameworks */,
				4F0886C72D1452DF000F3E4B /* GoogleSignIn in Frameworks */,
			);
			runOnlyForDeploymentPostprocessing = 0;
		};
		4FBD59862D05483300807E30 /* Frameworks */ = {
			isa = PBXFrameworksBuildPhase;
			buildActionMask = 2147483647;
			files = (
			);
			runOnlyForDeploymentPostprocessing = 0;
		};
		4FBD59902D05483300807E30 /* Frameworks */ = {
			isa = PBXFrameworksBuildPhase;
			buildActionMask = 2147483647;
			files = (
			);
			runOnlyForDeploymentPostprocessing = 0;
		};
/* End PBXFrameworksBuildPhase section */

/* Begin PBXGroup section */
		1F0492FE2D07DB4000C861DD /* AccountView */ = {
			isa = PBXGroup;
			children = (
				1F0493022D07DC4A00C861DD /* Builder */,
				1F0493012D07DC4300C861DD /* Interactor */,
				1F0493002D07DC3D00C861DD /* Router */,
				1F0492FF2D07DC3600C861DD /* View */,
			);
			path = AccountView;
			sourceTree = "<group>";
		};
		1F0492FF2D07DC3600C861DD /* View */ = {
			isa = PBXGroup;
			children = (
				1F0493092D07DD7800C861DD /* AccountController.swift */,
			);
			path = View;
			sourceTree = "<group>";
		};
		1F0493002D07DC3D00C861DD /* Router */ = {
			isa = PBXGroup;
			children = (
				1F0493072D07DD5D00C861DD /* AccountRouter.swift */,
			);
			path = Router;
			sourceTree = "<group>";
		};
		1F0493012D07DC4300C861DD /* Interactor */ = {
			isa = PBXGroup;
			children = (
				1F0493052D07DD5000C861DD /* AccountInteractor.swift */,
			);
			path = Interactor;
			sourceTree = "<group>";
		};
		1F0493022D07DC4A00C861DD /* Builder */ = {
			isa = PBXGroup;
			children = (
				1F0493032D07DD3F00C861DD /* AccountBuilder.swift */,
			);
			path = Builder;
			sourceTree = "<group>";
		};
		1F1A6EA72D0944C80033CB71 /* SearchView */ = {
			isa = PBXGroup;
			children = (
				1F1A6EAB2D09450E0033CB71 /* Builder */,
				1F1A6EAA2D0944FE0033CB71 /* Interactor */,
				1F1A6EA92D0944F20033CB71 /* Router */,
				1F1A6EA82D0944DE0033CB71 /* View */,
			);
			path = SearchView;
			sourceTree = "<group>";
		};
		1F1A6EA82D0944DE0033CB71 /* View */ = {
			isa = PBXGroup;
			children = (
			);
			path = View;
			sourceTree = "<group>";
		};
		1F1A6EA92D0944F20033CB71 /* Router */ = {
			isa = PBXGroup;
			children = (
				1F1A6EB02D0947D50033CB71 /* SearchViewRouter.swift */,
			);
			path = Router;
			sourceTree = "<group>";
		};
		1F1A6EAA2D0944FE0033CB71 /* Interactor */ = {
			isa = PBXGroup;
			children = (
				1F1A6EAE2D0947C90033CB71 /* SearchViewInteractor.swift */,
			);
			path = Interactor;
			sourceTree = "<group>";
		};
		1F1A6EAB2D09450E0033CB71 /* Builder */ = {
			isa = PBXGroup;
			children = (
				1F1A6EAC2D0947820033CB71 /* SearchViewBuilder.swift */,
			);
			path = Builder;
			sourceTree = "<group>";
		};
		1F1A6EB72D09806D0033CB71 /* Infrastructure */ = {
			isa = PBXGroup;
			children = (
				1F1A6EB82D0980890033CB71 /* Network */,
			);
			path = Infrastructure;
			sourceTree = "<group>";
		};
		1F1A6EB82D0980890033CB71 /* Network */ = {
			isa = PBXGroup;
			children = (
				1F38F6002D0AB4EA00E6D078 /* DataTransferService.swift */,
				1F1A6EB92D0980AD0033CB71 /* NetworkConfig.swift */,
				1F1A6EBB2D09818F0033CB71 /* HTTPMethod.swift */,
				1F1A6EBD2D0981CB0033CB71 /* Endpoint.swift */,
				1F38F5FE2D0AB0E700E6D078 /* NetworkService.swift */,
			);
			path = Network;
			sourceTree = "<group>";
		};
		1F32EFC42D15787600C52FF0 /* Auth */ = {
			isa = PBXGroup;
			children = (
				1F32EFC52D15788800C52FF0 /* AuthenticationViewModel.swift */,
			);
			path = Auth;
			sourceTree = "<group>";
		};
		1FDABA622D06DBE600110EDC /* CustomUI */ = {
			isa = PBXGroup;
			children = (
				1FDABA632D06DC0B00110EDC /* TabBarController.swift */,
				1FDABA712D06E6FB00110EDC /* NavigationController.swift */,
				1F04930B2D07F41700C861DD /* SearchController.swift */,
				1F04930D2D07F7E500C861DD /* SpinnerFooterView.swift */,
				4FBD59C42D0689E800807E30 /* ViewController.swift */,
				4F7996C82D0D35BF00ED1312 /* SearchBarButton.swift */,
				4F0886D12D14CD88000F3E4B /* LoginButton.swift */,
			);
			path = CustomUI;
			sourceTree = "<group>";
		};
		1FDABA652D06DCD200110EDC /* CustomTransition */ = {
			isa = PBXGroup;
			children = (
				1FDABA662D06DCF900110EDC /* PresentableView.swift */,
			);
			path = CustomTransition;
			sourceTree = "<group>";
		};
		1FDABA682D06E51C00110EDC /* MapView */ = {
			isa = PBXGroup;
			children = (
				1FDABA6E2D06E6A400110EDC /* Builder */,
				1FDABA692D06E53900110EDC /* Interactor */,
				1FDABA6A2D06E54600110EDC /* Router */,
				1FDABA6B2D06E55100110EDC /* View */,
			);
			path = MapView;
			sourceTree = "<group>";
		};
		1FDABA692D06E53900110EDC /* Interactor */ = {
			isa = PBXGroup;
			children = (
				1FDABA752D06F62500110EDC /* MapViewInteractor.swift */,
			);
			path = Interactor;
			sourceTree = "<group>";
		};
		1FDABA6A2D06E54600110EDC /* Router */ = {
			isa = PBXGroup;
			children = (
				1FDABA772D06F63100110EDC /* MapViewRouter.swift */,
			);
			path = Router;
			sourceTree = "<group>";
		};
		1FDABA6B2D06E55100110EDC /* View */ = {
			isa = PBXGroup;
			children = (
				1FDABA792D06F95400110EDC /* MapViewController.swift */,
				4FBD59E82D08799700807E30 /* MapView.swift */,
				4FBD59EA2D08F1C400807E30 /* MapViewModel.swift */,
			);
			path = View;
			sourceTree = "<group>";
		};
		1FDABA6E2D06E6A400110EDC /* Builder */ = {
			isa = PBXGroup;
			children = (
				1FDABA732D06F61800110EDC /* MapViewBuilder.swift */,
			);
			path = Builder;
			sourceTree = "<group>";
		};
		4FBD59672D05483000807E30 = {
			isa = PBXGroup;
			children = (
				4FBD59C52D0689E800807E30 /* TasteAtlas */,
				4FBD59D22D0689FE00807E30 /* TasteAtlasTests */,
				4FBD59D62D068A0100807E30 /* TasteAtlasUITests */,
				4FBD59712D05483000807E30 /* Products */,
			);
			sourceTree = "<group>";
		};
		4FBD59712D05483000807E30 /* Products */ = {
			isa = PBXGroup;
			children = (
				4FBD59702D05483000807E30 /* TasteAtlas.app */,
				4FBD59892D05483300807E30 /* TasteAtlasTests.xctest */,
				4FBD59932D05483300807E30 /* TasteAtlasUITests.xctest */,
			);
			name = Products;
			sourceTree = "<group>";
		};
		4FBD59B82D0689E800807E30 /* Application */ = {
			isa = PBXGroup;
			children = (
				4FBD59B42D0689E800807E30 /* AppDelegate.swift */,
				4FBD59B62D0689E800807E30 /* LaunchScreen.storyboard */,
				4FBD59B72D0689E800807E30 /* SceneDelegate.swift */,
			);
			path = Application;
			sourceTree = "<group>";
		};
		4FBD59BB2D0689E800807E30 /* Extensions */ = {
			isa = PBXGroup;
			children = (
				4FBD59BA2D0689E800807E30 /* UIView.swift */,
				4FBD59B92D0689E800807E30 /* UICollectionView.swift */,
				1FDABA5E2D06D11300110EDC /* UITableView.swift */,
				1FDABA602D06D71600110EDC /* UIImageColors.swift */,
				1F38F6022D0AB83400E6D078 /* Dictionary.swift */,
				1F38F6042D0AB8CC00E6D078 /* Encodable.swift */,
				4F7996CD2D0E81EF00ED1312 /* UIColor.swift */,
				4F7996D72D0EB2BA00ED1312 /* UIControl.swift */,
				1F32EFBD2D1511AF00C52FF0 /* UIStackView.swift */,
				1F32EFBF2D15150E00C52FF0 /* UIImage.swift */,
			);
			path = Extensions;
			sourceTree = "<group>";
		};
		4FBD59BD2D0689E800807E30 /* Protocols */ = {
			isa = PBXGroup;
			children = (
				4FBD59BC2D0689E800807E30 /* ReuseIdentifiable.swift */,
				1F04930F2D08216800C861DD /* ViewModable.swift */,
				1F0493112D08235900C861DD /* Interactable.swift */,
				4F7996D52D0EB1BC00ED1312 /* CombineCompatible.swift */,
			);
			path = Protocols;
			sourceTree = "<group>";
		};
		4FBD59BE2D0689E800807E30 /* Miscellaneous */ = {
			isa = PBXGroup;
			children = (
				1FDABA652D06DCD200110EDC /* CustomTransition */,
				4FBD59BD2D0689E800807E30 /* Protocols */,
			);
			path = Miscellaneous;
			sourceTree = "<group>";
		};
		4FBD59C02D0689E800807E30 /* Resources */ = {
			isa = PBXGroup;
			children = (
				4FBD59BF2D0689E800807E30 /* Assets.xcassets */,
				1F32EFBB2D150C4700C52FF0 /* GoogleService-Info.plist */,
			);
			path = Resources;
			sourceTree = "<group>";
		};
		4FBD59C12D0689E800807E30 /* Views */ = {
			isa = PBXGroup;
			children = (
				1FDABA682D06E51C00110EDC /* MapView */,
				4FBD59D92D070E6A00807E30 /* ListView */,
				1F0492FE2D07DB4000C861DD /* AccountView */,
				1F1A6EA72D0944C80033CB71 /* SearchView */,
			);
			path = Views;
			sourceTree = "<group>";
		};
		4FBD59C52D0689E800807E30 /* TasteAtlas */ = {
			isa = PBXGroup;
			children = (
				4FF4C2952D17BDF700F6B8EF /* Presentation */,
				1F32EFC42D15787600C52FF0 /* Auth */,
				4FBD59B82D0689E800807E30 /* Application */,
				1F1A6EB72D09806D0033CB71 /* Infrastructure */,
				4FBD59C12D0689E800807E30 /* Views */,
				4FBD59BE2D0689E800807E30 /* Miscellaneous */,
				1FDABA622D06DBE600110EDC /* CustomUI */,
				4FBD59BB2D0689E800807E30 /* Extensions */,
				4FBD59C02D0689E800807E30 /* Resources */,
				4FBD59C22D0689E800807E30 /* Info.plist */,
				4FBD59C32D0689E800807E30 /* TasteAtlas.xcdatamodeld */,
			);
			path = TasteAtlas;
			sourceTree = "<group>";
		};
		4FBD59D22D0689FE00807E30 /* TasteAtlasTests */ = {
			isa = PBXGroup;
			children = (
				4FBD59D12D0689FE00807E30 /* TasteAtlasTests.swift */,
			);
			path = TasteAtlasTests;
			sourceTree = "<group>";
		};
		4FBD59D62D068A0100807E30 /* TasteAtlasUITests */ = {
			isa = PBXGroup;
			children = (
				4FBD59D42D068A0100807E30 /* TasteAtlasUITests.swift */,
				4FBD59D52D068A0100807E30 /* TasteAtlasUITestsLaunchTests.swift */,
			);
			path = TasteAtlasUITests;
			sourceTree = "<group>";
		};
		4FBD59D92D070E6A00807E30 /* ListView */ = {
			isa = PBXGroup;
			children = (
				4FBD59DA2D070E9A00807E30 /* Builder */,
				4FBD59DB2D070EA000807E30 /* Interactor */,
				4FBD59DD2D070EAF00807E30 /* Router */,
				4FBD59DC2D070EAB00807E30 /* View */,
			);
			path = ListView;
			sourceTree = "<group>";
		};
		4FBD59DA2D070E9A00807E30 /* Builder */ = {
			isa = PBXGroup;
			children = (
				4FBD59E02D070FFD00807E30 /* RestaurantListBuilder.swift */,
			);
			path = Builder;
			sourceTree = "<group>";
		};
		4FBD59DB2D070EA000807E30 /* Interactor */ = {
			isa = PBXGroup;
			children = (
				4FBD59E22D07101400807E30 /* RestaurantListInteractor.swift */,
			);
			path = Interactor;
			sourceTree = "<group>";
		};
		4FBD59DC2D070EAB00807E30 /* View */ = {
			isa = PBXGroup;
			children = (
				4FBD59E62D07104600807E30 /* RestaurantListController.swift */,
			);
			path = View;
			sourceTree = "<group>";
		};
		4FBD59DD2D070EAF00807E30 /* Router */ = {
			isa = PBXGroup;
			children = (
				4FBD59E42D07102900807E30 /* RestaurantListRouter.swift */,
			);
			path = Router;
			sourceTree = "<group>";
		};
		4FF4C2952D17BDF700F6B8EF /* Presentation */ = {
			isa = PBXGroup;
			children = (
				4FF4C2962D17BE0100F6B8EF /* MapScene */,
				4FF4C29A2D17BFED00F6B8EF /* SearchScene */,
				4FF4C2972D17BE0E00F6B8EF /* MemberScene */,
				4FF4C2982D17BE1800F6B8EF /* LoginScene */,
				4FF4C2992D17BE1E00F6B8EF /* UserProfileScene */,
			);
			path = Presentation;
			sourceTree = "<group>";
		};
		4FF4C2962D17BE0100F6B8EF /* MapScene */ = {
			isa = PBXGroup;
			children = (
				4F7996CB2D0D38E600ED1312 /* MapController.swift */,
			);
			path = MapScene;
			sourceTree = "<group>";
		};
		4FF4C2972D17BE0E00F6B8EF /* MemberScene */ = {
			isa = PBXGroup;
			children = (
				4FDE9ED92D16BC18006C130F /* MemberViewController.swift */,
			);
			path = MemberScene;
			sourceTree = "<group>";
		};
		4FF4C2982D17BE1800F6B8EF /* LoginScene */ = {
			isa = PBXGroup;
			children = (
				4F0886CF2D1459DB000F3E4B /* LoginViewController.swift */,
			);
			path = LoginScene;
			sourceTree = "<group>";
		};
		4FF4C2992D17BE1E00F6B8EF /* UserProfileScene */ = {
			isa = PBXGroup;
			children = (
				4FF4C2932D17B8E500F6B8EF /* UserProfileViewController.swift */,
			);
			path = UserProfileScene;
			sourceTree = "<group>";
		};
		4FF4C29A2D17BFED00F6B8EF /* SearchScene */ = {
			isa = PBXGroup;
			children = (
				4F7996D32D0EAC8800ED1312 /* SearchViewController.swift */,
			);
			path = SearchScene;
			sourceTree = "<group>";
		};
/* End PBXGroup section */

/* Begin PBXNativeTarget section */
		4FBD596F2D05483000807E30 /* TasteAtlas */ = {
			isa = PBXNativeTarget;
			buildConfigurationList = 4FBD599C2D05483300807E30 /* Build configuration list for PBXNativeTarget "TasteAtlas" */;
			buildPhases = (
				4FBD596C2D05483000807E30 /* Sources */,
				4FBD596D2D05483000807E30 /* Frameworks */,
				4FBD596E2D05483000807E30 /* Resources */,
			);
			buildRules = (
			);
			dependencies = (
			);
			name = TasteAtlas;
			packageProductDependencies = (
				4F0886B52D106A7F000F3E4B /* FirebaseAnalytics */,
				4F0886B72D106A7F000F3E4B /* FirebaseAuth */,
				4F0886B92D106A7F000F3E4B /* FirebaseAuthCombine-Community */,
				4F0886BB2D106A7F000F3E4B /* FirebaseCrashlytics */,
				4F0886BD2D106A7F000F3E4B /* FirebaseDatabase */,
				4F0886BF2D106A7F000F3E4B /* FirebaseDynamicLinks */,
				4F0886C12D106A7F000F3E4B /* FirebaseFirestore */,
				4F0886C32D106A7F000F3E4B /* FirebaseMessaging */,
				4F0886C62D1452DF000F3E4B /* GoogleSignIn */,
				4F0886C82D1452DF000F3E4B /* GoogleSignInSwift */,
			);
			productName = TasteAtlas;
			productReference = 4FBD59702D05483000807E30 /* TasteAtlas.app */;
			productType = "com.apple.product-type.application";
		};
		4FBD59882D05483300807E30 /* TasteAtlasTests */ = {
			isa = PBXNativeTarget;
			buildConfigurationList = 4FBD59A12D05483300807E30 /* Build configuration list for PBXNativeTarget "TasteAtlasTests" */;
			buildPhases = (
				4FBD59852D05483300807E30 /* Sources */,
				4FBD59862D05483300807E30 /* Frameworks */,
				4FBD59872D05483300807E30 /* Resources */,
			);
			buildRules = (
			);
			dependencies = (
				4FBD598B2D05483300807E30 /* PBXTargetDependency */,
			);
			name = TasteAtlasTests;
			packageProductDependencies = (
			);
			productName = TasteAtlasTests;
			productReference = 4FBD59892D05483300807E30 /* TasteAtlasTests.xctest */;
			productType = "com.apple.product-type.bundle.unit-test";
		};
		4FBD59922D05483300807E30 /* TasteAtlasUITests */ = {
			isa = PBXNativeTarget;
			buildConfigurationList = 4FBD59A42D05483300807E30 /* Build configuration list for PBXNativeTarget "TasteAtlasUITests" */;
			buildPhases = (
				4FBD598F2D05483300807E30 /* Sources */,
				4FBD59902D05483300807E30 /* Frameworks */,
				4FBD59912D05483300807E30 /* Resources */,
			);
			buildRules = (
			);
			dependencies = (
				4FBD59952D05483300807E30 /* PBXTargetDependency */,
			);
			name = TasteAtlasUITests;
			packageProductDependencies = (
			);
			productName = TasteAtlasUITests;
			productReference = 4FBD59932D05483300807E30 /* TasteAtlasUITests.xctest */;
			productType = "com.apple.product-type.bundle.ui-testing";
		};
/* End PBXNativeTarget section */

/* Begin PBXProject section */
		4FBD59682D05483000807E30 /* Project object */ = {
			isa = PBXProject;
			attributes = {
				BuildIndependentTargetsInParallel = 1;
				LastSwiftUpdateCheck = 1610;
				LastUpgradeCheck = 1610;
				TargetAttributes = {
					4FBD596F2D05483000807E30 = {
						CreatedOnToolsVersion = 16.1;
					};
					4FBD59882D05483300807E30 = {
						CreatedOnToolsVersion = 16.1;
						TestTargetID = 4FBD596F2D05483000807E30;
					};
					4FBD59922D05483300807E30 = {
						CreatedOnToolsVersion = 16.1;
						TestTargetID = 4FBD596F2D05483000807E30;
					};
				};
			};
			buildConfigurationList = 4FBD596B2D05483000807E30 /* Build configuration list for PBXProject "TasteAtlas" */;
			compatibilityVersion = "Xcode 15.0";
			developmentRegion = en;
			hasScannedForEncodings = 0;
			knownRegions = (
				en,
				Base,
			);
			mainGroup = 4FBD59672D05483000807E30;
			minimizedProjectReferenceProxies = 1;
			packageReferences = (
				4F0886B42D106A7F000F3E4B /* XCRemoteSwiftPackageReference "firebase-ios-sdk" */,
				4F0886C52D1452DF000F3E4B /* XCRemoteSwiftPackageReference "GoogleSignIn-iOS" */,
			);
			productRefGroup = 4FBD59712D05483000807E30 /* Products */;
			projectDirPath = "";
			projectRoot = "";
			targets = (
				4FBD596F2D05483000807E30 /* TasteAtlas */,
				4FBD59882D05483300807E30 /* TasteAtlasTests */,
				4FBD59922D05483300807E30 /* TasteAtlasUITests */,
			);
		};
/* End PBXProject section */

/* Begin PBXResourcesBuildPhase section */
		4FBD596E2D05483000807E30 /* Resources */ = {
			isa = PBXResourcesBuildPhase;
			buildActionMask = 2147483647;
			files = (
				4FBD59C72D0689E800807E30 /* LaunchScreen.storyboard in Resources */,
				1F32EFBC2D150C4700C52FF0 /* GoogleService-Info.plist in Resources */,
				4FBD59C82D0689E800807E30 /* Assets.xcassets in Resources */,
			);
			runOnlyForDeploymentPostprocessing = 0;
		};
		4FBD59872D05483300807E30 /* Resources */ = {
			isa = PBXResourcesBuildPhase;
			buildActionMask = 2147483647;
			files = (
			);
			runOnlyForDeploymentPostprocessing = 0;
		};
		4FBD59912D05483300807E30 /* Resources */ = {
			isa = PBXResourcesBuildPhase;
			buildActionMask = 2147483647;
			files = (
			);
			runOnlyForDeploymentPostprocessing = 0;
		};
/* End PBXResourcesBuildPhase section */

/* Begin PBXSourcesBuildPhase section */
		4FBD596C2D05483000807E30 /* Sources */ = {
			isa = PBXSourcesBuildPhase;
			buildActionMask = 2147483647;
			files = (
				1FDABA762D06F62500110EDC /* MapViewInteractor.swift in Sources */,
				1F32EFC02D15150E00C52FF0 /* UIImage.swift in Sources */,
				4F0886D22D14CD88000F3E4B /* LoginButton.swift in Sources */,
				1F38F6052D0AB8CC00E6D078 /* Encodable.swift in Sources */,
				4F7996D62D0EB1BC00ED1312 /* CombineCompatible.swift in Sources */,
				1F1A6EAF2D0947C90033CB71 /* SearchViewInteractor.swift in Sources */,
				4FF4C2942D17B8E500F6B8EF /* UserProfileViewController.swift in Sources */,
				1F04930C2D07F41700C861DD /* SearchController.swift in Sources */,
				4FBD59CA2D0689E800807E30 /* AppDelegate.swift in Sources */,
				1F38F6012D0AB4EA00E6D078 /* DataTransferService.swift in Sources */,
				4FBD59CB2D0689E800807E30 /* SceneDelegate.swift in Sources */,
				1F0493102D08216800C861DD /* ViewModable.swift in Sources */,
				1F04930A2D07DD7800C861DD /* AccountController.swift in Sources */,
				4FDE9EDA2D16BC18006C130F /* MemberViewController.swift in Sources */,
				1F38F6032D0AB83400E6D078 /* Dictionary.swift in Sources */,
				4FBD59CC2D0689E800807E30 /* UICollectionView.swift in Sources */,
				1FDABA742D06F61800110EDC /* MapViewBuilder.swift in Sources */,
				4F7996CC2D0D38E600ED1312 /* MapController.swift in Sources */,
				1F1A6EAD2D0947820033CB71 /* SearchViewBuilder.swift in Sources */,
				1F1A6EB12D0947D50033CB71 /* SearchViewRouter.swift in Sources */,
				1FDABA642D06DC0B00110EDC /* TabBarController.swift in Sources */,
				1FDABA722D06E6FB00110EDC /* NavigationController.swift in Sources */,
				1FDABA612D06D71600110EDC /* UIImageColors.swift in Sources */,
				4FBD59EB2D08F1C400807E30 /* MapViewModel.swift in Sources */,
				4FBD59CD2D0689E800807E30 /* UIView.swift in Sources */,
				1F04930E2D07F7E500C861DD /* SpinnerFooterView.swift in Sources */,
				1F32EFBE2D1511AF00C52FF0 /* UIStackView.swift in Sources */,
				4FBD59CE2D0689E800807E30 /* ReuseIdentifiable.swift in Sources */,
				4FBD59E92D08799700807E30 /* MapView.swift in Sources */,
				1F1A6EBE2D0981CB0033CB71 /* Endpoint.swift in Sources */,
				1FDABA782D06F63100110EDC /* MapViewRouter.swift in Sources */,
				1F1A6EBA2D0980AD0033CB71 /* NetworkConfig.swift in Sources */,
				4F7996D82D0EB2BA00ED1312 /* UIControl.swift in Sources */,
				1F0493042D07DD3F00C861DD /* AccountBuilder.swift in Sources */,
				1F0493082D07DD5D00C861DD /* AccountRouter.swift in Sources */,
				4F7996CE2D0E81EF00ED1312 /* UIColor.swift in Sources */,
				1F0493062D07DD5000C861DD /* AccountInteractor.swift in Sources */,
				4FBD59E32D07101400807E30 /* RestaurantListInteractor.swift in Sources */,
				1F32EFC62D15788800C52FF0 /* AuthenticationViewModel.swift in Sources */,
				1F0493122D08235A00C861DD /* Interactable.swift in Sources */,
				1FDABA5F2D06D11300110EDC /* UITableView.swift in Sources */,
				4FBD59CF2D0689E800807E30 /* TasteAtlas.xcdatamodeld in Sources */,
				4F7996D42D0EAC8800ED1312 /* SearchViewController.swift in Sources */,
				4FBD59E12D070FFD00807E30 /* RestaurantListBuilder.swift in Sources */,
				4FBD59D02D0689E800807E30 /* ViewController.swift in Sources */,
				1FDABA672D06DCF900110EDC /* PresentableView.swift in Sources */,
				4F0886D02D1459DB000F3E4B /* LoginViewController.swift in Sources */,
				1F1A6EBC2D09818F0033CB71 /* HTTPMethod.swift in Sources */,
				4F7996C92D0D35BF00ED1312 /* SearchBarButton.swift in Sources */,
				1FDABA7A2D06F95400110EDC /* MapViewController.swift in Sources */,
				4FBD59E72D07104600807E30 /* RestaurantListController.swift in Sources */,
				1F38F5FF2D0AB0E700E6D078 /* NetworkService.swift in Sources */,
				4FBD59E52D07102900807E30 /* RestaurantListRouter.swift in Sources */,
			);
			runOnlyForDeploymentPostprocessing = 0;
		};
		4FBD59852D05483300807E30 /* Sources */ = {
			isa = PBXSourcesBuildPhase;
			buildActionMask = 2147483647;
			files = (
				4FBD59D32D0689FE00807E30 /* TasteAtlasTests.swift in Sources */,
			);
			runOnlyForDeploymentPostprocessing = 0;
		};
		4FBD598F2D05483300807E30 /* Sources */ = {
			isa = PBXSourcesBuildPhase;
			buildActionMask = 2147483647;
			files = (
				4FBD59D72D068A0100807E30 /* TasteAtlasUITests.swift in Sources */,
				4FBD59D82D068A0100807E30 /* TasteAtlasUITestsLaunchTests.swift in Sources */,
			);
			runOnlyForDeploymentPostprocessing = 0;
		};
/* End PBXSourcesBuildPhase section */

/* Begin PBXTargetDependency section */
		4FBD598B2D05483300807E30 /* PBXTargetDependency */ = {
			isa = PBXTargetDependency;
			target = 4FBD596F2D05483000807E30 /* TasteAtlas */;
			targetProxy = 4FBD598A2D05483300807E30 /* PBXContainerItemProxy */;
		};
		4FBD59952D05483300807E30 /* PBXTargetDependency */ = {
			isa = PBXTargetDependency;
			target = 4FBD596F2D05483000807E30 /* TasteAtlas */;
			targetProxy = 4FBD59942D05483300807E30 /* PBXContainerItemProxy */;
		};
/* End PBXTargetDependency section */

/* Begin PBXVariantGroup section */
		4FBD59B62D0689E800807E30 /* LaunchScreen.storyboard */ = {
			isa = PBXVariantGroup;
			children = (
				4FBD59B52D0689E800807E30 /* Base */,
			);
			name = LaunchScreen.storyboard;
			sourceTree = "<group>";
		};
/* End PBXVariantGroup section */

/* Begin XCBuildConfiguration section */
		4FBD599D2D05483300807E30 /* Debug */ = {
			isa = XCBuildConfiguration;
			buildSettings = {
				ASSETCATALOG_COMPILER_APPICON_NAME = AppIcon;
				ASSETCATALOG_COMPILER_GLOBAL_ACCENT_COLOR_NAME = AccentColor;
				CODE_SIGN_STYLE = Automatic;
				CURRENT_PROJECT_VERSION = 1;
				DEVELOPMENT_TEAM = 6U2TAM5353;
				GENERATE_INFOPLIST_FILE = YES;
				INFOPLIST_FILE = TasteAtlas/Info.plist;
				INFOPLIST_KEY_UIApplicationSupportsIndirectInputEvents = YES;
				INFOPLIST_KEY_UILaunchStoryboardName = LaunchScreen;
				INFOPLIST_KEY_UISupportedInterfaceOrientations_iPad = "UIInterfaceOrientationPortrait UIInterfaceOrientationPortraitUpsideDown UIInterfaceOrientationLandscapeLeft UIInterfaceOrientationLandscapeRight";
				INFOPLIST_KEY_UISupportedInterfaceOrientations_iPhone = "UIInterfaceOrientationPortrait UIInterfaceOrientationLandscapeLeft UIInterfaceOrientationLandscapeRight";
				IPHONEOS_DEPLOYMENT_TARGET = 17.0;
				LD_RUNPATH_SEARCH_PATHS = (
					"$(inherited)",
					"@executable_path/Frameworks",
				);
				MARKETING_VERSION = 1.0;
				PRODUCT_BUNDLE_IDENTIFIER = com.krauserhuang.TasteAtlas;
				PRODUCT_NAME = "$(TARGET_NAME)";
				SWIFT_EMIT_LOC_STRINGS = YES;
				SWIFT_VERSION = 5.0;
				TARGETED_DEVICE_FAMILY = "1,2";
			};
			name = Debug;
		};
		4FBD599E2D05483300807E30 /* Release */ = {
			isa = XCBuildConfiguration;
			buildSettings = {
				ASSETCATALOG_COMPILER_APPICON_NAME = AppIcon;
				ASSETCATALOG_COMPILER_GLOBAL_ACCENT_COLOR_NAME = AccentColor;
				CODE_SIGN_STYLE = Automatic;
				CURRENT_PROJECT_VERSION = 1;
				DEVELOPMENT_TEAM = 6U2TAM5353;
				GENERATE_INFOPLIST_FILE = YES;
				INFOPLIST_FILE = TasteAtlas/Info.plist;
				INFOPLIST_KEY_UIApplicationSupportsIndirectInputEvents = YES;
				INFOPLIST_KEY_UILaunchStoryboardName = LaunchScreen;
				INFOPLIST_KEY_UISupportedInterfaceOrientations_iPad = "UIInterfaceOrientationPortrait UIInterfaceOrientationPortraitUpsideDown UIInterfaceOrientationLandscapeLeft UIInterfaceOrientationLandscapeRight";
				INFOPLIST_KEY_UISupportedInterfaceOrientations_iPhone = "UIInterfaceOrientationPortrait UIInterfaceOrientationLandscapeLeft UIInterfaceOrientationLandscapeRight";
				IPHONEOS_DEPLOYMENT_TARGET = 17.0;
				LD_RUNPATH_SEARCH_PATHS = (
					"$(inherited)",
					"@executable_path/Frameworks",
				);
				MARKETING_VERSION = 1.0;
				PRODUCT_BUNDLE_IDENTIFIER = com.krauserhuang.TasteAtlas;
				PRODUCT_NAME = "$(TARGET_NAME)";
				SWIFT_EMIT_LOC_STRINGS = YES;
				SWIFT_VERSION = 5.0;
				TARGETED_DEVICE_FAMILY = "1,2";
			};
			name = Release;
		};
		4FBD599F2D05483300807E30 /* Debug */ = {
			isa = XCBuildConfiguration;
			buildSettings = {
				ALWAYS_SEARCH_USER_PATHS = NO;
				ASSETCATALOG_COMPILER_GENERATE_SWIFT_ASSET_SYMBOL_EXTENSIONS = YES;
				CLANG_ANALYZER_NONNULL = YES;
				CLANG_ANALYZER_NUMBER_OBJECT_CONVERSION = YES_AGGRESSIVE;
				CLANG_CXX_LANGUAGE_STANDARD = "gnu++20";
				CLANG_ENABLE_MODULES = YES;
				CLANG_ENABLE_OBJC_ARC = YES;
				CLANG_ENABLE_OBJC_WEAK = YES;
				CLANG_WARN_BLOCK_CAPTURE_AUTORELEASING = YES;
				CLANG_WARN_BOOL_CONVERSION = YES;
				CLANG_WARN_COMMA = YES;
				CLANG_WARN_CONSTANT_CONVERSION = YES;
				CLANG_WARN_DEPRECATED_OBJC_IMPLEMENTATIONS = YES;
				CLANG_WARN_DIRECT_OBJC_ISA_USAGE = YES_ERROR;
				CLANG_WARN_DOCUMENTATION_COMMENTS = YES;
				CLANG_WARN_EMPTY_BODY = YES;
				CLANG_WARN_ENUM_CONVERSION = YES;
				CLANG_WARN_INFINITE_RECURSION = YES;
				CLANG_WARN_INT_CONVERSION = YES;
				CLANG_WARN_NON_LITERAL_NULL_CONVERSION = YES;
				CLANG_WARN_OBJC_IMPLICIT_RETAIN_SELF = YES;
				CLANG_WARN_OBJC_LITERAL_CONVERSION = YES;
				CLANG_WARN_OBJC_ROOT_CLASS = YES_ERROR;
				CLANG_WARN_QUOTED_INCLUDE_IN_FRAMEWORK_HEADER = YES;
				CLANG_WARN_RANGE_LOOP_ANALYSIS = YES;
				CLANG_WARN_STRICT_PROTOTYPES = YES;
				CLANG_WARN_SUSPICIOUS_MOVE = YES;
				CLANG_WARN_UNGUARDED_AVAILABILITY = YES_AGGRESSIVE;
				CLANG_WARN_UNREACHABLE_CODE = YES;
				CLANG_WARN__DUPLICATE_METHOD_MATCH = YES;
				COPY_PHASE_STRIP = NO;
				DEBUG_INFORMATION_FORMAT = dwarf;
				ENABLE_STRICT_OBJC_MSGSEND = YES;
				ENABLE_TESTABILITY = YES;
				ENABLE_USER_SCRIPT_SANDBOXING = YES;
				GCC_C_LANGUAGE_STANDARD = gnu17;
				GCC_DYNAMIC_NO_PIC = NO;
				GCC_NO_COMMON_BLOCKS = YES;
				GCC_OPTIMIZATION_LEVEL = 0;
				GCC_PREPROCESSOR_DEFINITIONS = (
					"DEBUG=1",
					"$(inherited)",
				);
				GCC_WARN_64_TO_32_BIT_CONVERSION = YES;
				GCC_WARN_ABOUT_RETURN_TYPE = YES_ERROR;
				GCC_WARN_UNDECLARED_SELECTOR = YES;
				GCC_WARN_UNINITIALIZED_AUTOS = YES_AGGRESSIVE;
				GCC_WARN_UNUSED_FUNCTION = YES;
				GCC_WARN_UNUSED_VARIABLE = YES;
				IPHONEOS_DEPLOYMENT_TARGET = 18.1;
				LOCALIZATION_PREFERS_STRING_CATALOGS = YES;
				MTL_ENABLE_DEBUG_INFO = INCLUDE_SOURCE;
				MTL_FAST_MATH = YES;
				ONLY_ACTIVE_ARCH = YES;
				SDKROOT = iphoneos;
				SWIFT_ACTIVE_COMPILATION_CONDITIONS = "DEBUG $(inherited)";
				SWIFT_OPTIMIZATION_LEVEL = "-Onone";
			};
			name = Debug;
		};
		4FBD59A02D05483300807E30 /* Release */ = {
			isa = XCBuildConfiguration;
			buildSettings = {
				ALWAYS_SEARCH_USER_PATHS = NO;
				ASSETCATALOG_COMPILER_GENERATE_SWIFT_ASSET_SYMBOL_EXTENSIONS = YES;
				CLANG_ANALYZER_NONNULL = YES;
				CLANG_ANALYZER_NUMBER_OBJECT_CONVERSION = YES_AGGRESSIVE;
				CLANG_CXX_LANGUAGE_STANDARD = "gnu++20";
				CLANG_ENABLE_MODULES = YES;
				CLANG_ENABLE_OBJC_ARC = YES;
				CLANG_ENABLE_OBJC_WEAK = YES;
				CLANG_WARN_BLOCK_CAPTURE_AUTORELEASING = YES;
				CLANG_WARN_BOOL_CONVERSION = YES;
				CLANG_WARN_COMMA = YES;
				CLANG_WARN_CONSTANT_CONVERSION = YES;
				CLANG_WARN_DEPRECATED_OBJC_IMPLEMENTATIONS = YES;
				CLANG_WARN_DIRECT_OBJC_ISA_USAGE = YES_ERROR;
				CLANG_WARN_DOCUMENTATION_COMMENTS = YES;
				CLANG_WARN_EMPTY_BODY = YES;
				CLANG_WARN_ENUM_CONVERSION = YES;
				CLANG_WARN_INFINITE_RECURSION = YES;
				CLANG_WARN_INT_CONVERSION = YES;
				CLANG_WARN_NON_LITERAL_NULL_CONVERSION = YES;
				CLANG_WARN_OBJC_IMPLICIT_RETAIN_SELF = YES;
				CLANG_WARN_OBJC_LITERAL_CONVERSION = YES;
				CLANG_WARN_OBJC_ROOT_CLASS = YES_ERROR;
				CLANG_WARN_QUOTED_INCLUDE_IN_FRAMEWORK_HEADER = YES;
				CLANG_WARN_RANGE_LOOP_ANALYSIS = YES;
				CLANG_WARN_STRICT_PROTOTYPES = YES;
				CLANG_WARN_SUSPICIOUS_MOVE = YES;
				CLANG_WARN_UNGUARDED_AVAILABILITY = YES_AGGRESSIVE;
				CLANG_WARN_UNREACHABLE_CODE = YES;
				CLANG_WARN__DUPLICATE_METHOD_MATCH = YES;
				COPY_PHASE_STRIP = NO;
				DEBUG_INFORMATION_FORMAT = "dwarf-with-dsym";
				ENABLE_NS_ASSERTIONS = NO;
				ENABLE_STRICT_OBJC_MSGSEND = YES;
				ENABLE_USER_SCRIPT_SANDBOXING = YES;
				GCC_C_LANGUAGE_STANDARD = gnu17;
				GCC_NO_COMMON_BLOCKS = YES;
				GCC_WARN_64_TO_32_BIT_CONVERSION = YES;
				GCC_WARN_ABOUT_RETURN_TYPE = YES_ERROR;
				GCC_WARN_UNDECLARED_SELECTOR = YES;
				GCC_WARN_UNINITIALIZED_AUTOS = YES_AGGRESSIVE;
				GCC_WARN_UNUSED_FUNCTION = YES;
				GCC_WARN_UNUSED_VARIABLE = YES;
				IPHONEOS_DEPLOYMENT_TARGET = 18.1;
				LOCALIZATION_PREFERS_STRING_CATALOGS = YES;
				MTL_ENABLE_DEBUG_INFO = NO;
				MTL_FAST_MATH = YES;
				SDKROOT = iphoneos;
				SWIFT_COMPILATION_MODE = wholemodule;
				VALIDATE_PRODUCT = YES;
			};
			name = Release;
		};
		4FBD59A22D05483300807E30 /* Debug */ = {
			isa = XCBuildConfiguration;
			buildSettings = {
				BUNDLE_LOADER = "$(TEST_HOST)";
				CODE_SIGN_STYLE = Automatic;
				CURRENT_PROJECT_VERSION = 1;
				DEVELOPMENT_TEAM = 6U2TAM5353;
				GENERATE_INFOPLIST_FILE = YES;
				IPHONEOS_DEPLOYMENT_TARGET = 18.1;
				MARKETING_VERSION = 1.0;
				PRODUCT_BUNDLE_IDENTIFIER = com.krauserhuang.TasteAtlasTests;
				PRODUCT_NAME = "$(TARGET_NAME)";
				SWIFT_EMIT_LOC_STRINGS = NO;
				SWIFT_VERSION = 5.0;
				TARGETED_DEVICE_FAMILY = "1,2";
				TEST_HOST = "$(BUILT_PRODUCTS_DIR)/TasteAtlas.app/$(BUNDLE_EXECUTABLE_FOLDER_PATH)/TasteAtlas";
			};
			name = Debug;
		};
		4FBD59A32D05483300807E30 /* Release */ = {
			isa = XCBuildConfiguration;
			buildSettings = {
				BUNDLE_LOADER = "$(TEST_HOST)";
				CODE_SIGN_STYLE = Automatic;
				CURRENT_PROJECT_VERSION = 1;
				DEVELOPMENT_TEAM = 6U2TAM5353;
				GENERATE_INFOPLIST_FILE = YES;
				IPHONEOS_DEPLOYMENT_TARGET = 18.1;
				MARKETING_VERSION = 1.0;
				PRODUCT_BUNDLE_IDENTIFIER = com.krauserhuang.TasteAtlasTests;
				PRODUCT_NAME = "$(TARGET_NAME)";
				SWIFT_EMIT_LOC_STRINGS = NO;
				SWIFT_VERSION = 5.0;
				TARGETED_DEVICE_FAMILY = "1,2";
				TEST_HOST = "$(BUILT_PRODUCTS_DIR)/TasteAtlas.app/$(BUNDLE_EXECUTABLE_FOLDER_PATH)/TasteAtlas";
			};
			name = Release;
		};
		4FBD59A52D05483300807E30 /* Debug */ = {
			isa = XCBuildConfiguration;
			buildSettings = {
				CODE_SIGN_STYLE = Automatic;
				CURRENT_PROJECT_VERSION = 1;
				DEVELOPMENT_TEAM = 6U2TAM5353;
				GENERATE_INFOPLIST_FILE = YES;
				MARKETING_VERSION = 1.0;
				PRODUCT_BUNDLE_IDENTIFIER = com.krauserhuang.TasteAtlasUITests;
				PRODUCT_NAME = "$(TARGET_NAME)";
				SWIFT_EMIT_LOC_STRINGS = NO;
				SWIFT_VERSION = 5.0;
				TARGETED_DEVICE_FAMILY = "1,2";
				TEST_TARGET_NAME = TasteAtlas;
			};
			name = Debug;
		};
		4FBD59A62D05483300807E30 /* Release */ = {
			isa = XCBuildConfiguration;
			buildSettings = {
				CODE_SIGN_STYLE = Automatic;
				CURRENT_PROJECT_VERSION = 1;
				DEVELOPMENT_TEAM = 6U2TAM5353;
				GENERATE_INFOPLIST_FILE = YES;
				MARKETING_VERSION = 1.0;
				PRODUCT_BUNDLE_IDENTIFIER = com.krauserhuang.TasteAtlasUITests;
				PRODUCT_NAME = "$(TARGET_NAME)";
				SWIFT_EMIT_LOC_STRINGS = NO;
				SWIFT_VERSION = 5.0;
				TARGETED_DEVICE_FAMILY = "1,2";
				TEST_TARGET_NAME = TasteAtlas;
			};
			name = Release;
		};
/* End XCBuildConfiguration section */

/* Begin XCConfigurationList section */
		4FBD596B2D05483000807E30 /* Build configuration list for PBXProject "TasteAtlas" */ = {
			isa = XCConfigurationList;
			buildConfigurations = (
				4FBD599F2D05483300807E30 /* Debug */,
				4FBD59A02D05483300807E30 /* Release */,
			);
			defaultConfigurationIsVisible = 0;
			defaultConfigurationName = Release;
		};
		4FBD599C2D05483300807E30 /* Build configuration list for PBXNativeTarget "TasteAtlas" */ = {
			isa = XCConfigurationList;
			buildConfigurations = (
				4FBD599D2D05483300807E30 /* Debug */,
				4FBD599E2D05483300807E30 /* Release */,
			);
			defaultConfigurationIsVisible = 0;
			defaultConfigurationName = Release;
		};
		4FBD59A12D05483300807E30 /* Build configuration list for PBXNativeTarget "TasteAtlasTests" */ = {
			isa = XCConfigurationList;
			buildConfigurations = (
				4FBD59A22D05483300807E30 /* Debug */,
				4FBD59A32D05483300807E30 /* Release */,
			);
			defaultConfigurationIsVisible = 0;
			defaultConfigurationName = Release;
		};
		4FBD59A42D05483300807E30 /* Build configuration list for PBXNativeTarget "TasteAtlasUITests" */ = {
			isa = XCConfigurationList;
			buildConfigurations = (
				4FBD59A52D05483300807E30 /* Debug */,
				4FBD59A62D05483300807E30 /* Release */,
			);
			defaultConfigurationIsVisible = 0;
			defaultConfigurationName = Release;
		};
/* End XCConfigurationList section */

/* Begin XCRemoteSwiftPackageReference section */
		4F0886B42D106A7F000F3E4B /* XCRemoteSwiftPackageReference "firebase-ios-sdk" */ = {
			isa = XCRemoteSwiftPackageReference;
			repositoryURL = "https://github.com/firebase/firebase-ios-sdk.git";
			requirement = {
				kind = upToNextMajorVersion;
				minimumVersion = 11.6.0;
			};
		};
		4F0886C52D1452DF000F3E4B /* XCRemoteSwiftPackageReference "GoogleSignIn-iOS" */ = {
			isa = XCRemoteSwiftPackageReference;
			repositoryURL = "https://github.com/google/GoogleSignIn-iOS";
			requirement = {
				kind = upToNextMajorVersion;
				minimumVersion = 8.0.0;
			};
		};
/* End XCRemoteSwiftPackageReference section */

/* Begin XCSwiftPackageProductDependency section */
		4F0886B52D106A7F000F3E4B /* FirebaseAnalytics */ = {
			isa = XCSwiftPackageProductDependency;
			package = 4F0886B42D106A7F000F3E4B /* XCRemoteSwiftPackageReference "firebase-ios-sdk" */;
			productName = FirebaseAnalytics;
		};
		4F0886B72D106A7F000F3E4B /* FirebaseAuth */ = {
			isa = XCSwiftPackageProductDependency;
			package = 4F0886B42D106A7F000F3E4B /* XCRemoteSwiftPackageReference "firebase-ios-sdk" */;
			productName = FirebaseAuth;
		};
		4F0886B92D106A7F000F3E4B /* FirebaseAuthCombine-Community */ = {
			isa = XCSwiftPackageProductDependency;
			package = 4F0886B42D106A7F000F3E4B /* XCRemoteSwiftPackageReference "firebase-ios-sdk" */;
			productName = "FirebaseAuthCombine-Community";
		};
		4F0886BB2D106A7F000F3E4B /* FirebaseCrashlytics */ = {
			isa = XCSwiftPackageProductDependency;
			package = 4F0886B42D106A7F000F3E4B /* XCRemoteSwiftPackageReference "firebase-ios-sdk" */;
			productName = FirebaseCrashlytics;
		};
		4F0886BD2D106A7F000F3E4B /* FirebaseDatabase */ = {
			isa = XCSwiftPackageProductDependency;
			package = 4F0886B42D106A7F000F3E4B /* XCRemoteSwiftPackageReference "firebase-ios-sdk" */;
			productName = FirebaseDatabase;
		};
		4F0886BF2D106A7F000F3E4B /* FirebaseDynamicLinks */ = {
			isa = XCSwiftPackageProductDependency;
			package = 4F0886B42D106A7F000F3E4B /* XCRemoteSwiftPackageReference "firebase-ios-sdk" */;
			productName = FirebaseDynamicLinks;
		};
		4F0886C12D106A7F000F3E4B /* FirebaseFirestore */ = {
			isa = XCSwiftPackageProductDependency;
			package = 4F0886B42D106A7F000F3E4B /* XCRemoteSwiftPackageReference "firebase-ios-sdk" */;
			productName = FirebaseFirestore;
		};
		4F0886C32D106A7F000F3E4B /* FirebaseMessaging */ = {
			isa = XCSwiftPackageProductDependency;
			package = 4F0886B42D106A7F000F3E4B /* XCRemoteSwiftPackageReference "firebase-ios-sdk" */;
			productName = FirebaseMessaging;
		};
		4F0886C62D1452DF000F3E4B /* GoogleSignIn */ = {
			isa = XCSwiftPackageProductDependency;
			package = 4F0886C52D1452DF000F3E4B /* XCRemoteSwiftPackageReference "GoogleSignIn-iOS" */;
			productName = GoogleSignIn;
		};
		4F0886C82D1452DF000F3E4B /* GoogleSignInSwift */ = {
			isa = XCSwiftPackageProductDependency;
			package = 4F0886C52D1452DF000F3E4B /* XCRemoteSwiftPackageReference "GoogleSignIn-iOS" */;
			productName = GoogleSignInSwift;
		};
/* End XCSwiftPackageProductDependency section */

/* Begin XCVersionGroup section */
		4FBD59C32D0689E800807E30 /* TasteAtlas.xcdatamodeld */ = {
			isa = XCVersionGroup;
			children = (
				4FBD59C62D0689E800807E30 /* TasteAtlas.xcdatamodel */,
			);
			currentVersion = 4FBD59C62D0689E800807E30 /* TasteAtlas.xcdatamodel */;
			path = TasteAtlas.xcdatamodeld;
			sourceTree = "<group>";
			versionGroupType = wrapper.xcdatamodel;
		};
/* End XCVersionGroup section */
	};
	rootObject = 4FBD59682D05483000807E30 /* Project object */;
}
